
Microsoft Visual Studio Solution File, Format Version 10.00
# Visual Studio 2008
Project("{F14B399A-7131-4C87-9E4B-1186C45EF12D}") = "NICA-DEVS_BI", "NICA-DEVS_BI\NICA-DEVS_BI.rptproj", "{E0F2F604-BAF6-44FF-9730-9542025FF2C3}"
EndProject
Global
	GlobalSection(SolutionConfigurationPlatforms) = preSolution
		Debug|Default = Debug|Default
		DebugLocal|Default = DebugLocal|Default
		Release|Default = Release|Default
	EndGlobalSection
	GlobalSection(ProjectConfigurationPlatforms) = postSolution
		{E0F2F604-BAF6-44FF-9730-9542025FF2C3}.Debug|Default.ActiveCfg = Debug
		{E0F2F604-BAF6-44FF-9730-9542025FF2C3}.Debug|Default.Build.0 = DebugLocal
		{E0F2F604-BAF6-44FF-9730-9542025FF2C3}.Debug|Default.Deploy.0 = DebugLocal
		{E0F2F604-BAF6-44FF-9730-9542025FF2C3}.DebugLocal|Default.ActiveCfg = DebugLocal
		{E0F2F604-BAF6-44FF-9730-9542025FF2C3}.DebugLocal|Default.Build.0 = DebugLocal
		{E0F2F604-BAF6-44FF-9730-9542025FF2C3}.Release|Default.ActiveCfg = Release
		{E0F2F604-BAF6-44FF-9730-9542025FF2C3}.Release|Default.Build.0 = Release
		{E0F2F604-BAF6-44FF-9730-9542025FF2C3}.Release|Default.Deploy.0 = Release
	EndGlobalSection
	GlobalSection(SolutionProperties) = preSolution
		HideSolutionNode = FALSE
	EndGlobalSection
EndGlobal
